
Microsoft Visual Studio Solution File, Format Version 11.00
# Visual Studio 2010
Project("{FAE04EC0-301F-11D3-BF4B-00C04F79EFBC}") = "typefillerz", "TypeFiller\typefillerz.csproj", "{99AC781C-8DC1-48A5-8E2D-39A6EF0A1346}"
EndProject
Global
	GlobalSection(SolutionConfigurationPlatforms) = preSolution
		Debug|Any CPU = Debug|Any CPU
		Release|Any CPU = Release|Any CPU
	EndGlobalSection
	GlobalSection(ProjectConfigurationPlatforms) = postSolution
		{99AC781C-8DC1-48A5-8E2D-39A6EF0A1346}.Debug|Any CPU.ActiveCfg = Debug|Any CPU
		{99AC781C-8DC1-48A5-8E2D-39A6EF0A1346}.Debug|Any CPU.Build.0 = Debug|Any CPU
		{99AC781C-8DC1-48A5-8E2D-39A6EF0A1346}.Release|Any CPU.ActiveCfg = Release|Any CPU
		{99AC781C-8DC1-48A5-8E2D-39A6EF0A1346}.Release|Any CPU.Build.0 = Release|Any CPU
	EndGlobalSection
	GlobalSection(SolutionProperties) = preSolution
		HideSolutionNode = FALSE
	EndGlobalSection
EndGlobal
